// !$*UTF8*$!
{
	archiveVersion = 1;
	classes = {
	};
	objectVersion = 56;
	objects = {

/* Begin PBXBuildFile section */
		32721E3629E69E9C00CE376A /* AppDelegate.swift in Sources */ = {isa = PBXBuildFile; fileRef = 32721E3529E69E9C00CE376A /* AppDelegate.swift */; };
		32721E3829E69E9C00CE376A /* SceneDelegate.swift in Sources */ = {isa = PBXBuildFile; fileRef = 32721E3729E69E9C00CE376A /* SceneDelegate.swift */; };
		32721E3A29E69E9C00CE376A /* ViewController.swift in Sources */ = {isa = PBXBuildFile; fileRef = 32721E3929E69E9C00CE376A /* ViewController.swift */; };
		32721E3D29E69E9C00CE376A /* Main.storyboard in Resources */ = {isa = PBXBuildFile; fileRef = 32721E3B29E69E9C00CE376A /* Main.storyboard */; };
		32721E3F29E69E9C00CE376A /* Assets.xcassets in Resources */ = {isa = PBXBuildFile; fileRef = 32721E3E29E69E9C00CE376A /* Assets.xcassets */; };
		32721E4229E69E9C00CE376A /* LaunchScreen.storyboard in Resources */ = {isa = PBXBuildFile; fileRef = 32721E4029E69E9C00CE376A /* LaunchScreen.storyboard */; };
		32721E6329E6A09D00CE376A /* SideMenuItem.swift in Sources */ = {isa = PBXBuildFile; fileRef = 32721E5C29E6A09D00CE376A /* SideMenuItem.swift */; };
		32721E6429E6A09D00CE376A /* SideMenuDelegate.swift in Sources */ = {isa = PBXBuildFile; fileRef = 32721E5D29E6A09D00CE376A /* SideMenuDelegate.swift */; };
		32721E6529E6A09D00CE376A /* ContainerViewController.swift in Sources */ = {isa = PBXBuildFile; fileRef = 32721E5E29E6A09D00CE376A /* ContainerViewController.swift */; };
		32721E6629E6A09D00CE376A /* ContentViewControllerPresentation.swift in Sources */ = {isa = PBXBuildFile; fileRef = 32721E5F29E6A09D00CE376A /* ContentViewControllerPresentation.swift */; };
		32721E6729E6A09D00CE376A /* SideMenuItemCell.swift in Sources */ = {isa = PBXBuildFile; fileRef = 32721E6029E6A09D00CE376A /* SideMenuItemCell.swift */; };
		32721E6829E6A09D00CE376A /* SideMenuViewController.swift in Sources */ = {isa = PBXBuildFile; fileRef = 32721E6129E6A09D00CE376A /* SideMenuViewController.swift */; };
		32721E6929E6A09D00CE376A /* ContentViewController.swift in Sources */ = {isa = PBXBuildFile; fileRef = 32721E6229E6A09D00CE376A /* ContentViewController.swift */; };
		328408BE29E8575400D72C92 /* UIViewControllerExtensions.swift in Sources */ = {isa = PBXBuildFile; fileRef = 328408BD29E8575400D72C92 /* UIViewControllerExtensions.swift */; };
		32DD1D6629E7316F0092F4A5 /* SliderViewController.swift in Sources */ = {isa = PBXBuildFile; fileRef = 32DD1D6529E7316F0092F4A5 /* SliderViewController.swift */; };
		32DD1D6829E74B450092F4A5 /* ExampleViewController.swift in Sources */ = {isa = PBXBuildFile; fileRef = 32DD1D6729E74B450092F4A5 /* ExampleViewController.swift */; };
/* End PBXBuildFile section */

/* Begin PBXFileReference section */
		32721E3229E69E9C00CE376A /* PlayGroundApp.app */ = {isa = PBXFileReference; explicitFileType = wrapper.application; includeInIndex = 0; path = PlayGroundApp.app; sourceTree = BUILT_PRODUCTS_DIR; };
		32721E3529E69E9C00CE376A /* AppDelegate.swift */ = {isa = PBXFileReference; lastKnownFileType = sourcecode.swift; path = AppDelegate.swift; sourceTree = "<group>"; };
		32721E3729E69E9C00CE376A /* SceneDelegate.swift */ = {isa = PBXFileReference; lastKnownFileType = sourcecode.swift; path = SceneDelegate.swift; sourceTree = "<group>"; };
		32721E3929E69E9C00CE376A /* ViewController.swift */ = {isa = PBXFileReference; lastKnownFileType = sourcecode.swift; path = ViewController.swift; sourceTree = "<group>"; };
		32721E3C29E69E9C00CE376A /* Base */ = {isa = PBXFileReference; lastKnownFileType = file.storyboard; name = Base; path = Base.lproj/Main.storyboard; sourceTree = "<group>"; };
		32721E3E29E69E9C00CE376A /* Assets.xcassets */ = {isa = PBXFileReference; lastKnownFileType = folder.assetcatalog; path = Assets.xcassets; sourceTree = "<group>"; };
		32721E4129E69E9C00CE376A /* Base */ = {isa = PBXFileReference; lastKnownFileType = file.storyboard; name = Base; path = Base.lproj/LaunchScreen.storyboard; sourceTree = "<group>"; };
		32721E4329E69E9C00CE376A /* Info.plist */ = {isa = PBXFileReference; lastKnownFileType = text.plist.xml; path = Info.plist; sourceTree = "<group>"; };
		32721E5C29E6A09D00CE376A /* SideMenuItem.swift */ = {isa = PBXFileReference; fileEncoding = 4; lastKnownFileType = sourcecode.swift; name = SideMenuItem.swift; path = PlayGroundApp/navigation/SideMenuItem.swift; sourceTree = SOURCE_ROOT; };
		32721E5D29E6A09D00CE376A /* SideMenuDelegate.swift */ = {isa = PBXFileReference; fileEncoding = 4; lastKnownFileType = sourcecode.swift; name = SideMenuDelegate.swift; path = PlayGroundApp/navigation/SideMenuDelegate.swift; sourceTree = SOURCE_ROOT; };
		32721E5E29E6A09D00CE376A /* ContainerViewController.swift */ = {isa = PBXFileReference; fileEncoding = 4; lastKnownFileType = sourcecode.swift; name = ContainerViewController.swift; path = PlayGroundApp/navigation/ContainerViewController.swift; sourceTree = SOURCE_ROOT; };
		32721E5F29E6A09D00CE376A /* ContentViewControllerPresentation.swift */ = {isa = PBXFileReference; fileEncoding = 4; lastKnownFileType = sourcecode.swift; name = ContentViewControllerPresentation.swift; path = PlayGroundApp/navigation/ContentViewControllerPresentation.swift; sourceTree = SOURCE_ROOT; };
		32721E6029E6A09D00CE376A /* SideMenuItemCell.swift */ = {isa = PBXFileReference; fileEncoding = 4; lastKnownFileType = sourcecode.swift; name = SideMenuItemCell.swift; path = PlayGroundApp/navigation/SideMenuItemCell.swift; sourceTree = SOURCE_ROOT; };
		32721E6129E6A09D00CE376A /* SideMenuViewController.swift */ = {isa = PBXFileReference; fileEncoding = 4; lastKnownFileType = sourcecode.swift; name = SideMenuViewController.swift; path = PlayGroundApp/navigation/SideMenuViewController.swift; sourceTree = SOURCE_ROOT; };
		32721E6229E6A09D00CE376A /* ContentViewController.swift */ = {isa = PBXFileReference; fileEncoding = 4; lastKnownFileType = sourcecode.swift; name = ContentViewController.swift; path = PlayGroundApp/navigation/ContentViewController.swift; sourceTree = SOURCE_ROOT; };
		328408BD29E8575400D72C92 /* UIViewControllerExtensions.swift */ = {isa = PBXFileReference; lastKnownFileType = sourcecode.swift; path = UIViewControllerExtensions.swift; sourceTree = "<group>"; };
		32DD1D6529E7316F0092F4A5 /* SliderViewController.swift */ = {isa = PBXFileReference; lastKnownFileType = sourcecode.swift; path = SliderViewController.swift; sourceTree = "<group>"; };
		32DD1D6729E74B450092F4A5 /* ExampleViewController.swift */ = {isa = PBXFileReference; lastKnownFileType = sourcecode.swift; path = ExampleViewController.swift; sourceTree = "<group>"; };
/* End PBXFileReference section */

/* Begin PBXFrameworksBuildPhase section */
		32721E2F29E69E9C00CE376A /* Frameworks */ = {
			isa = PBXFrameworksBuildPhase;
			buildActionMask = 2147483647;
			files = (
			);
			runOnlyForDeploymentPostprocessing = 0;
		};
/* End PBXFrameworksBuildPhase section */

/* Begin PBXGroup section */
		32721E2929E69E9C00CE376A = {
			isa = PBXGroup;
			children = (
				32721E3429E69E9C00CE376A /* PlayGroundApp */,
				32721E3329E69E9C00CE376A /* Products */,
			);
			sourceTree = "<group>";
		};
		32721E3329E69E9C00CE376A /* Products */ = {
			isa = PBXGroup;
			children = (
				32721E3229E69E9C00CE376A /* PlayGroundApp.app */,
			);
			name = Products;
			sourceTree = "<group>";
		};
		32721E3429E69E9C00CE376A /* PlayGroundApp */ = {
			isa = PBXGroup;
			children = (
				328408BC29E8573700D72C92 /* extensions */,
				32721E5A29E6A08400CE376A /* screen */,
				32721E3529E69E9C00CE376A /* AppDelegate.swift */,
				32721E3729E69E9C00CE376A /* SceneDelegate.swift */,
				32721E3929E69E9C00CE376A /* ViewController.swift */,
				32721E3B29E69E9C00CE376A /* Main.storyboard */,
				32721E3E29E69E9C00CE376A /* Assets.xcassets */,
				32721E4029E69E9C00CE376A /* LaunchScreen.storyboard */,
				32721E4329E69E9C00CE376A /* Info.plist */,
			);
			path = PlayGroundApp;
			sourceTree = "<group>";
		};
		32721E5A29E6A08400CE376A /* screen */ = {
			isa = PBXGroup;
			children = (
				32DD1D6929E74B5B0092F4A5 /* example */,
				32DD1D6429E7315E0092F4A5 /* slider */,
				32721E5B29E6A08A00CE376A /* navigaiton */,
			);
			path = screen;
			sourceTree = "<group>";
		};
		32721E5B29E6A08A00CE376A /* navigaiton */ = {
			isa = PBXGroup;
			children = (
				32721E5E29E6A09D00CE376A /* ContainerViewController.swift */,
				32721E6229E6A09D00CE376A /* ContentViewController.swift */,
				32721E5F29E6A09D00CE376A /* ContentViewControllerPresentation.swift */,
				32721E5D29E6A09D00CE376A /* SideMenuDelegate.swift */,
				32721E5C29E6A09D00CE376A /* SideMenuItem.swift */,
				32721E6029E6A09D00CE376A /* SideMenuItemCell.swift */,
				32721E6129E6A09D00CE376A /* SideMenuViewController.swift */,
			);
			path = navigaiton;
			sourceTree = "<group>";
		};
		328408BC29E8573700D72C92 /* extensions */ = {
			isa = PBXGroup;
			children = (
				328408BD29E8575400D72C92 /* UIViewControllerExtensions.swift */,
			);
			path = extensions;
			sourceTree = "<group>";
		};
		32DD1D6429E7315E0092F4A5 /* slider */ = {
			isa = PBXGroup;
			children = (
				32DD1D6529E7316F0092F4A5 /* SliderViewController.swift */,
			);
			path = slider;
			sourceTree = "<group>";
		};
		32DD1D6929E74B5B0092F4A5 /* example */ = {
			isa = PBXGroup;
			children = (
				32DD1D6729E74B450092F4A5 /* ExampleViewController.swift */,
			);
			path = example;
			sourceTree = "<group>";
		};
/* End PBXGroup section */

/* Begin PBXNativeTarget section */
		32721E3129E69E9C00CE376A /* PlayGroundApp */ = {
			isa = PBXNativeTarget;
			buildConfigurationList = 32721E4629E69E9C00CE376A /* Build configuration list for PBXNativeTarget "PlayGroundApp" */;
			buildPhases = (
				32721E2E29E69E9C00CE376A /* Sources */,
				32721E2F29E69E9C00CE376A /* Frameworks */,
				32721E3029E69E9C00CE376A /* Resources */,
			);
			buildRules = (
			);
			dependencies = (
			);
			name = PlayGroundApp;
			productName = PlayGroundApp;
			productReference = 32721E3229E69E9C00CE376A /* PlayGroundApp.app */;
			productType = "com.apple.product-type.application";
		};
/* End PBXNativeTarget section */

/* Begin PBXProject section */
		32721E2A29E69E9C00CE376A /* Project object */ = {
			isa = PBXProject;
			attributes = {
				BuildIndependentTargetsInParallel = 1;
				LastSwiftUpdateCheck = 1430;
				LastUpgradeCheck = 1430;
				TargetAttributes = {
					32721E3129E69E9C00CE376A = {
						CreatedOnToolsVersion = 14.3;
					};
				};
			};
			buildConfigurationList = 32721E2D29E69E9C00CE376A /* Build configuration list for PBXProject "PlayGroundApp" */;
			compatibilityVersion = "Xcode 14.0";
			developmentRegion = en;
			hasScannedForEncodings = 0;
			knownRegions = (
				en,
				Base,
			);
			mainGroup = 32721E2929E69E9C00CE376A;
			productRefGroup = 32721E3329E69E9C00CE376A /* Products */;
			projectDirPath = "";
			projectRoot = "";
			targets = (
				32721E3129E69E9C00CE376A /* PlayGroundApp */,
			);
		};
/* End PBXProject section */

/* Begin PBXResourcesBuildPhase section */
		32721E3029E69E9C00CE376A /* Resources */ = {
			isa = PBXResourcesBuildPhase;
			buildActionMask = 2147483647;
			files = (
				32721E4229E69E9C00CE376A /* LaunchScreen.storyboard in Resources */,
				32721E3F29E69E9C00CE376A /* Assets.xcassets in Resources */,
				32721E3D29E69E9C00CE376A /* Main.storyboard in Resources */,
			);
			runOnlyForDeploymentPostprocessing = 0;
		};
/* End PBXResourcesBuildPhase section */

/* Begin PBXSourcesBuildPhase section */
		32721E2E29E69E9C00CE376A /* Sources */ = {
			isa = PBXSourcesBuildPhase;
			buildActionMask = 2147483647;
			files = (
				32721E6929E6A09D00CE376A /* ContentViewController.swift in Sources */,
				32721E3A29E69E9C00CE376A /* ViewController.swift in Sources */,
				32721E6429E6A09D00CE376A /* SideMenuDelegate.swift in Sources */,
				328408BE29E8575400D72C92 /* UIViewControllerExtensions.swift in Sources */,
				32DD1D6829E74B450092F4A5 /* ExampleViewController.swift in Sources */,
				32721E6729E6A09D00CE376A /* SideMenuItemCell.swift in Sources */,
				32721E3629E69E9C00CE376A /* AppDelegate.swift in Sources */,
				32721E6329E6A09D00CE376A /* SideMenuItem.swift in Sources */,
				32721E6529E6A09D00CE376A /* ContainerViewController.swift in Sources */,
				32DD1D6629E7316F0092F4A5 /* SliderViewController.swift in Sources */,
				32721E3829E69E9C00CE376A /* SceneDelegate.swift in Sources */,
				32721E6829E6A09D00CE376A /* SideMenuViewController.swift in Sources */,
				32721E6629E6A09D00CE376A /* ContentViewControllerPresentation.swift in Sources */,
			);
			runOnlyForDeploymentPostprocessing = 0;
		};
/* End PBXSourcesBuildPhase section */

/* Begin PBXVariantGroup section */
		32721E3B29E69E9C00CE376A /* Main.storyboard */ = {
			isa = PBXVariantGroup;
			children = (
				32721E3C29E69E9C00CE376A /* Base */,
			);
			name = Main.storyboard;
			sourceTree = "<group>";
		};
		32721E4029E69E9C00CE376A /* LaunchScreen.storyboard */ = {
			isa = PBXVariantGroup;
			children = (
				32721E4129E69E9C00CE376A /* Base */,
			);
			name = LaunchScreen.storyboard;
			sourceTree = "<group>";
		};
/* End PBXVariantGroup section */

/* Begin XCBuildConfiguration section */
		32721E4429E69E9C00CE376A /* Debug */ = {
			isa = XCBuildConfiguration;
			buildSettings = {
				ALWAYS_SEARCH_USER_PATHS = NO;
				CLANG_ANALYZER_NONNULL = YES;
				CLANG_ANALYZER_NUMBER_OBJECT_CONVERSION = YES_AGGRESSIVE;
				CLANG_CXX_LANGUAGE_STANDARD = "gnu++20";
				CLANG_ENABLE_MODULES = YES;
				CLANG_ENABLE_OBJC_ARC = YES;
				CLANG_ENABLE_OBJC_WEAK = YES;
				CLANG_WARN_BLOCK_CAPTURE_AUTORELEASING = YES;
				CLANG_WARN_BOOL_CONVERSION = YES;
				CLANG_WARN_COMMA = YES;
				CLANG_WARN_CONSTANT_CONVERSION = YES;
				CLANG_WARN_DEPRECATED_OBJC_IMPLEMENTATIONS = YES;
				CLANG_WARN_DIRECT_OBJC_ISA_USAGE = YES_ERROR;
				CLANG_WARN_DOCUMENTATION_COMMENTS = YES;
				CLANG_WARN_EMPTY_BODY = YES;
				CLANG_WARN_ENUM_CONVERSION = YES;
				CLANG_WARN_INFINITE_RECURSION = YES;
				CLANG_WARN_INT_CONVERSION = YES;
				CLANG_WARN_NON_LITERAL_NULL_CONVERSION = YES;
				CLANG_WARN_OBJC_IMPLICIT_RETAIN_SELF = YES;
				CLANG_WARN_OBJC_LITERAL_CONVERSION = YES;
				CLANG_WARN_OBJC_ROOT_CLASS = YES_ERROR;
				CLANG_WARN_QUOTED_INCLUDE_IN_FRAMEWORK_HEADER = YES;
				CLANG_WARN_RANGE_LOOP_ANALYSIS = YES;
				CLANG_WARN_STRICT_PROTOTYPES = YES;
				CLANG_WARN_SUSPICIOUS_MOVE = YES;
				CLANG_WARN_UNGUARDED_AVAILABILITY = YES_AGGRESSIVE;
				CLANG_WARN_UNREACHABLE_CODE = YES;
				CLANG_WARN__DUPLICATE_METHOD_MATCH = YES;
				COPY_PHASE_STRIP = NO;
				DEBUG_INFORMATION_FORMAT = dwarf;
				ENABLE_STRICT_OBJC_MSGSEND = YES;
				ENABLE_TESTABILITY = YES;
				GCC_C_LANGUAGE_STANDARD = gnu11;
				GCC_DYNAMIC_NO_PIC = NO;
				GCC_NO_COMMON_BLOCKS = YES;
				GCC_OPTIMIZATION_LEVEL = 0;
				GCC_PREPROCESSOR_DEFINITIONS = (
					"DEBUG=1",
					"$(inherited)",
				);
				GCC_WARN_64_TO_32_BIT_CONVERSION = YES;
				GCC_WARN_ABOUT_RETURN_TYPE = YES_ERROR;
				GCC_WARN_UNDECLARED_SELECTOR = YES;
				GCC_WARN_UNINITIALIZED_AUTOS = YES_AGGRESSIVE;
				GCC_WARN_UNUSED_FUNCTION = YES;
				GCC_WARN_UNUSED_VARIABLE = YES;
				IPHONEOS_DEPLOYMENT_TARGET = 16.4;
				MTL_ENABLE_DEBUG_INFO = INCLUDE_SOURCE;
				MTL_FAST_MATH = YES;
				ONLY_ACTIVE_ARCH = YES;
				SDKROOT = iphoneos;
				SWIFT_ACTIVE_COMPILATION_CONDITIONS = DEBUG;
				SWIFT_OPTIMIZATION_LEVEL = "-Onone";
			};
			name = Debug;
		};
		32721E4529E69E9C00CE376A /* Release */ = {
			isa = XCBuildConfiguration;
			buildSettings = {
				ALWAYS_SEARCH_USER_PATHS = NO;
				CLANG_ANALYZER_NONNULL = YES;
				CLANG_ANALYZER_NUMBER_OBJECT_CONVERSION = YES_AGGRESSIVE;
				CLANG_CXX_LANGUAGE_STANDARD = "gnu++20";
				CLANG_ENABLE_MODULES = YES;
				CLANG_ENABLE_OBJC_ARC = YES;
				CLANG_ENABLE_OBJC_WEAK = YES;
				CLANG_WARN_BLOCK_CAPTURE_AUTORELEASING = YES;
				CLANG_WARN_BOOL_CONVERSION = YES;
				CLANG_WARN_COMMA = YES;
				CLANG_WARN_CONSTANT_CONVERSION = YES;
				CLANG_WARN_DEPRECATED_OBJC_IMPLEMENTATIONS = YES;
				CLANG_WARN_DIRECT_OBJC_ISA_USAGE = YES_ERROR;
				CLANG_WARN_DOCUMENTATION_COMMENTS = YES;
				CLANG_WARN_EMPTY_BODY = YES;
				CLANG_WARN_ENUM_CONVERSION = YES;
				CLANG_WARN_INFINITE_RECURSION = YES;
				CLANG_WARN_INT_CONVERSION = YES;
				CLANG_WARN_NON_LITERAL_NULL_CONVERSION = YES;
				CLANG_WARN_OBJC_IMPLICIT_RETAIN_SELF = YES;
				CLANG_WARN_OBJC_LITERAL_CONVERSION = YES;
				CLANG_WARN_OBJC_ROOT_CLASS = YES_ERROR;
				CLANG_WARN_QUOTED_INCLUDE_IN_FRAMEWORK_HEADER = YES;
				CLANG_WARN_RANGE_LOOP_ANALYSIS = YES;
				CLANG_WARN_STRICT_PROTOTYPES = YES;
				CLANG_WARN_SUSPICIOUS_MOVE = YES;
				CLANG_WARN_UNGUARDED_AVAILABILITY = YES_AGGRESSIVE;
				CLANG_WARN_UNREACHABLE_CODE = YES;
				CLANG_WARN__DUPLICATE_METHOD_MATCH = YES;
				COPY_PHASE_STRIP = NO;
				DEBUG_INFORMATION_FORMAT = "dwarf-with-dsym";
				ENABLE_NS_ASSERTIONS = NO;
				ENABLE_STRICT_OBJC_MSGSEND = YES;
				GCC_C_LANGUAGE_STANDARD = gnu11;
				GCC_NO_COMMON_BLOCKS = YES;
				GCC_WARN_64_TO_32_BIT_CONVERSION = YES;
				GCC_WARN_ABOUT_RETURN_TYPE = YES_ERROR;
				GCC_WARN_UNDECLARED_SELECTOR = YES;
				GCC_WARN_UNINITIALIZED_AUTOS = YES_AGGRESSIVE;
				GCC_WARN_UNUSED_FUNCTION = YES;
				GCC_WARN_UNUSED_VARIABLE = YES;
				IPHONEOS_DEPLOYMENT_TARGET = 16.4;
				MTL_ENABLE_DEBUG_INFO = NO;
				MTL_FAST_MATH = YES;
				SDKROOT = iphoneos;
				SWIFT_COMPILATION_MODE = wholemodule;
				SWIFT_OPTIMIZATION_LEVEL = "-O";
				VALIDATE_PRODUCT = YES;
			};
			name = Release;
		};
		32721E4729E69E9C00CE376A /* Debug */ = {
			isa = XCBuildConfiguration;
			buildSettings = {
				ASSETCATALOG_COMPILER_APPICON_NAME = AppIcon;
				ASSETCATALOG_COMPILER_GLOBAL_ACCENT_COLOR_NAME = AccentColor;
				CODE_SIGN_STYLE = Automatic;
				CURRENT_PROJECT_VERSION = 1;
				GENERATE_INFOPLIST_FILE = YES;
				INFOPLIST_FILE = PlayGroundApp/Info.plist;
				INFOPLIST_KEY_UIApplicationSupportsIndirectInputEvents = YES;
				INFOPLIST_KEY_UILaunchStoryboardName = LaunchScreen;
				INFOPLIST_KEY_UIMainStoryboardFile = Main;
				INFOPLIST_KEY_UISupportedInterfaceOrientations_iPad = "UIInterfaceOrientationPortrait UIInterfaceOrientationPortraitUpsideDown UIInterfaceOrientationLandscapeLeft UIInterfaceOrientationLandscapeRight";
				INFOPLIST_KEY_UISupportedInterfaceOrientations_iPhone = "UIInterfaceOrientationPortrait UIInterfaceOrientationLandscapeLeft UIInterfaceOrientationLandscapeRight";
				LD_RUNPATH_SEARCH_PATHS = (
					"$(inherited)",
					"@executable_path/Frameworks",
				);
				MARKETING_VERSION = 1.0;
				PRODUCT_BUNDLE_IDENTIFIER = com.ramo.PlayGroundApp;
				PRODUCT_NAME = "$(TARGET_NAME)";
				SWIFT_EMIT_LOC_STRINGS = YES;
				SWIFT_VERSION = 5.0;
				TARGETED_DEVICE_FAMILY = "1,2";
			};
			name = Debug;
		};
		32721E4829E69E9C00CE376A /* Release */ = {
			isa = XCBuildConfiguration;
			buildSettings = {
				ASSETCATALOG_COMPILER_APPICON_NAME = AppIcon;
				ASSETCATALOG_COMPILER_GLOBAL_ACCENT_COLOR_NAME = AccentColor;
				CODE_SIGN_STYLE = Automatic;
				CURRENT_PROJECT_VERSION = 1;
				GENERATE_INFOPLIST_FILE = YES;
				INFOPLIST_FILE = PlayGroundApp/Info.plist;
				INFOPLIST_KEY_UIApplicationSupportsIndirectInputEvents = YES;
				INFOPLIST_KEY_UILaunchStoryboardName = LaunchScreen;
				INFOPLIST_KEY_UIMainStoryboardFile = Main;
				INFOPLIST_KEY_UISupportedInterfaceOrientations_iPad = "UIInterfaceOrientationPortrait UIInterfaceOrientationPortraitUpsideDown UIInterfaceOrientationLandscapeLeft UIInterfaceOrientationLandscapeRight";
				INFOPLIST_KEY_UISupportedInterfaceOrientations_iPhone = "UIInterfaceOrientationPortrait UIInterfaceOrientationLandscapeLeft UIInterfaceOrientationLandscapeRight";
				LD_RUNPATH_SEARCH_PATHS = (
					"$(inherited)",
					"@executable_path/Frameworks",
				);
				MARKETING_VERSION = 1.0;
				PRODUCT_BUNDLE_IDENTIFIER = com.ramo.PlayGroundApp;
				PRODUCT_NAME = "$(TARGET_NAME)";
				SWIFT_EMIT_LOC_STRINGS = YES;
				SWIFT_VERSION = 5.0;
				TARGETED_DEVICE_FAMILY = "1,2";
			};
			name = Release;
		};
/* End XCBuildConfiguration section */

/* Begin XCConfigurationList section */
		32721E2D29E69E9C00CE376A /* Build configuration list for PBXProject "PlayGroundApp" */ = {
			isa = XCConfigurationList;
			buildConfigurations = (
				32721E4429E69E9C00CE376A /* Debug */,
				32721E4529E69E9C00CE376A /* Release */,
			);
			defaultConfigurationIsVisible = 0;
			defaultConfigurationName = Release;
		};
		32721E4629E69E9C00CE376A /* Build configuration list for PBXNativeTarget "PlayGroundApp" */ = {
			isa = XCConfigurationList;
			buildConfigurations = (
				32721E4729E69E9C00CE376A /* Debug */,
				32721E4829E69E9C00CE376A /* Release */,
			);
			defaultConfigurationIsVisible = 0;
			defaultConfigurationName = Release;
		};
/* End XCConfigurationList section */
	};
	rootObject = 32721E2A29E69E9C00CE376A /* Project object */;
}
